
Microsoft Visual Studio Solution File, Format Version 12.00
# Visual Studio 15
VisualStudioVersion = 15.0.27428.2043
MinimumVisualStudioVersion = 10.0.40219.1
Project("{9A19103F-16F7-4668-BE54-9A1E7A4F7556}") = "GetFunktion", "GetFunktion\GetFunktion.csproj", "{8E9079DC-CC68-4438-81D2-D32C483F2DAD}"
EndProject
Global
	GlobalSection(SolutionConfigurationPlatforms) = preSolution
		Debug|Any CPU = Debug|Any CPU
		Release|Any CPU = Release|Any CPU
	EndGlobalSection
	GlobalSection(ProjectConfigurationPlatforms) = postSolution
		{8E9079DC-CC68-4438-81D2-D32C483F2DAD}.Debug|Any CPU.ActiveCfg = Debug|Any CPU
		{8E9079DC-CC68-4438-81D2-D32C483F2DAD}.Debug|Any CPU.Build.0 = Debug|Any CPU
		{8E9079DC-CC68-4438-81D2-D32C483F2DAD}.Release|Any CPU.ActiveCfg = Release|Any CPU
		{8E9079DC-CC68-4438-81D2-D32C483F2DAD}.Release|Any CPU.Build.0 = Release|Any CPU
	EndGlobalSection
	GlobalSection(SolutionProperties) = preSolution
		HideSolutionNode = FALSE
	EndGlobalSection
	GlobalSection(ExtensibilityGlobals) = postSolution
		SolutionGuid = {C145A6A1-613F-4E2D-BEAF-71CF1079DEF0}
	EndGlobalSection
EndGlobal
